<?xml version="1.0" encoding="utf-8"?>
<Project ToolsVersion="4.0" xmlns="http://schemas.microsoft.com/developer/msbuild/2003">
  <ItemGroup>
    <Filter Include="Dependencies">
      <UniqueIdentifier>{6C01343A-5864-C3DE-01EA-FB94ED2B8F61}</UniqueIdentifier>
    </Filter>
    <Filter Include="Dependencies\PrecompiledHeaders">
      <UniqueIdentifier>{6B952D0D-D778-3C4D-E07B-6A894CDE029E}</UniqueIdentifier>
    </Filter>
    <Filter Include="src">
      <UniqueIdentifier>{2DAB880B-99B4-887C-2230-9F7C8E38947C}</UniqueIdentifier>
    </Filter>
    <Filter Include="src\Engine">
      <UniqueIdentifier>{12A1320E-FE58-745B-6760-4DB753370F4C}</UniqueIdentifier>
    </Filter>
    <Filter Include="src\Engine\Definitions">
      <UniqueIdentifier>{DD08CCA5-C902-F5F7-B26F-8B089E085B64}</UniqueIdentifier>
    </Filter>
    <Filter Include="src\Engine\Definitions\KeyCodes">
      <UniqueIdentifier>{83990BD5-EF7C-1A15-F87F-485164E2E065}</UniqueIdentifier>
    </Filter>
    <Filter Include="src\Engine\Definitions\KeyCodes\GLFW">
      <UniqueIdentifier>{A2BE41CE-8EA5-03C6-37F6-69E323BC7C2C}</UniqueIdentifier>
    </Filter>
    <Filter Include="src\Engine\Events">
      <UniqueIdentifier>{B624EAB0-223B-E846-6BB2-7368D707B9CE}</UniqueIdentifier>
    </Filter>
    <Filter Include="src\Engine\Renderer">
      <UniqueIdentifier>{F838018B-649A-DE98-ED07-254B59681558}</UniqueIdentifier>
    </Filter>
    <Filter Include="src\Engine\Renderer\OpenGL">
      <UniqueIdentifier>{2C1B9528-182B-41F9-81E4-A5176D133092}</UniqueIdentifier>
    </Filter>
    <Filter Include="src\Engine\Window">
      <UniqueIdentifier>{B98500DA-259C-FE6F-6E13-8A91DA68CFF7}</UniqueIdentifier>
    </Filter>
    <Filter Include="src\Engine\Window\Windows">
      <UniqueIdentifier>{F3D8B034-5F9B-E4BE-A84B-734B144DBD9C}</UniqueIdentifier>
    </Filter>
    <Filter Include="src\Log">
      <UniqueIdentifier>{7E912FA9-EA70-AE44-F388-391B5FE714A6}</UniqueIdentifier>
    </Filter>
  </ItemGroup>
  <ItemGroup>
    <ClInclude Include="Dependencies\PrecompiledHeaders\PrecompiledHeaders.h">
      <Filter>Dependencies\PrecompiledHeaders</Filter>
    </ClInclude>
    <ClInclude Include="src\Engine\Definitions\KeyCodes\GLFW\GLFW.h">
      <Filter>src\Engine\Definitions\KeyCodes\GLFW</Filter>
    </ClInclude>
    <ClInclude Include="src\Engine\Definitions\KeyCodes\KeyCodes.h">
      <Filter>src\Engine\Definitions\KeyCodes</Filter>
    </ClInclude>
    <ClInclude Include="src\Engine\Engine.h">
      <Filter>src\Engine</Filter>
    </ClInclude>
    <ClInclude Include="src\Engine\Events\App.h">
      <Filter>src\Engine\Events</Filter>
    </ClInclude>
    <ClInclude Include="src\Engine\Events\Events.h">
      <Filter>src\Engine\Events</Filter>
    </ClInclude>
    <ClInclude Include="src\Engine\Events\Keyboard.h">
      <Filter>src\Engine\Events</Filter>
    </ClInclude>
    <ClInclude Include="src\Engine\Events\Mouse.h">
      <Filter>src\Engine\Events</Filter>
    </ClInclude>
    <ClInclude Include="src\Engine\Events\Window.h">
      <Filter>src\Engine\Events</Filter>
    </ClInclude>
    <ClInclude Include="src\Engine\Renderer\Context.h">
      <Filter>src\Engine\Renderer</Filter>
    </ClInclude>
    <ClInclude Include="src\Engine\Renderer\OpenGL\OpenGLContext.h">
      <Filter>src\Engine\Renderer\OpenGL</Filter>
    </ClInclude>
    <ClInclude Include="src\Engine\Window\Window.h">
      <Filter>src\Engine\Window</Filter>
    </ClInclude>
    <ClInclude Include="src\Engine\Window\Windows\WindowsWindow.h">
      <Filter>src\Engine\Window\Windows</Filter>
    </ClInclude>
    <ClInclude Include="src\Log\Log.h">
      <Filter>src\Log</Filter>
    </ClInclude>
  </ItemGroup>
  <ItemGroup>
    <ClCompile Include="Dependencies\PrecompiledHeaders\PrecompiledHeaders.cpp">
      <Filter>Dependencies\PrecompiledHeaders</Filter>
    </ClCompile>
    <ClCompile Include="src\Engine\Definitions\KeyCodes\GLFW\GLFW.cpp">
      <Filter>src\Engine\Definitions\KeyCodes\GLFW</Filter>
    </ClCompile>
    <ClCompile Include="src\Engine\Definitions\KeyCodes\KeyCodes.cpp">
      <Filter>src\Engine\Definitions\KeyCodes</Filter>
    </ClCompile>
    <ClCompile Include="src\Engine\Engine.cpp">
      <Filter>src\Engine</Filter>
    </ClCompile>
    <ClCompile Include="src\Engine\Renderer\OpenGL\OpenGLContext.cpp">
      <Filter>src\Engine\Renderer\OpenGL</Filter>
    </ClCompile>
    <ClCompile Include="src\Engine\Window\Windows\WindowsWindow.cpp">
      <Filter>src\Engine\Window\Windows</Filter>
    </ClCompile>
    <ClCompile Include="src\EntryPoint.cpp">
      <Filter>src</Filter>
    </ClCompile>
    <ClCompile Include="src\Log\Log.cpp">
      <Filter>src\Log</Filter>
    </ClCompile>
  </ItemGroup>
</Project>