<?xml version="1.0" encoding="utf-8"?>
<Project ToolsVersion="4.0" xmlns="http://schemas.microsoft.com/developer/msbuild/2003">
  <ItemGroup>
    <Filter Include="Engine">
      <UniqueIdentifier>{DBC7D3B0-C769-FE86-B024-12DB9C6585D7}</UniqueIdentifier>
    </Filter>
    <Filter Include="Engine\Definitions">
      <UniqueIdentifier>{26A5F4AE-1289-B504-7BE9-AF5767EC9F86}</UniqueIdentifier>
    </Filter>
    <Filter Include="Engine\Definitions\KeyCodes">
      <UniqueIdentifier>{EC17A742-5825-D528-E10B-D1134D18A1DF}</UniqueIdentifier>
    </Filter>
    <Filter Include="Engine\Definitions\KeyCodes\GLFW">
      <UniqueIdentifier>{ABA6A9D3-97F7-9415-C05B-83D7AC0B287F}</UniqueIdentifier>
    </Filter>
    <Filter Include="Engine\Definitions\VertexBufferLayout">
      <UniqueIdentifier>{AB014BE3-17C6-49D3-E02B-7A9D4CAFE508}</UniqueIdentifier>
    </Filter>
    <Filter Include="Engine\Definitions\VertexBufferLayout\ElementType">
      <UniqueIdentifier>{C6F54427-32BC-A143-7B17-30A6E71C10A8}</UniqueIdentifier>
    </Filter>
    <Filter Include="Engine\Definitions\VertexBufferLayout\ElementType\OpenGL">
      <UniqueIdentifier>{3AA4C670-2679-0E24-4F28-4E203B5C1C3B}</UniqueIdentifier>
    </Filter>
    <Filter Include="Engine\Events">
      <UniqueIdentifier>{5FAFB439-CB6F-3070-94AA-79ED002A754C}</UniqueIdentifier>
    </Filter>
    <Filter Include="Engine\Renderer">
      <UniqueIdentifier>{E1119970-4D9D-0635-56AE-8929C2B86235}</UniqueIdentifier>
    </Filter>
    <Filter Include="Engine\Renderer\OpenGL">
      <UniqueIdentifier>{F5B3D491-E1AD-FDE3-CA1A-94F4B6B36350}</UniqueIdentifier>
    </Filter>
    <Filter Include="Engine\Renderer\OpenGL\VertexBufferLayout">
      <UniqueIdentifier>{1AD06252-86EA-C5F3-CF0C-D6873B66EDFA}</UniqueIdentifier>
    </Filter>
    <Filter Include="Engine\Window">
      <UniqueIdentifier>{6210CB62-CED0-4699-970B-9016038B8B75}</UniqueIdentifier>
    </Filter>
    <Filter Include="Engine\Window\Windows">
      <UniqueIdentifier>{9CFC8BE2-0869-47DD-D15C-DF3A3D886945}</UniqueIdentifier>
    </Filter>
    <Filter Include="Log">
      <UniqueIdentifier>{E704880B-530E-887C-DC89-9E7C4892937C}</UniqueIdentifier>
    </Filter>
    <Filter Include="PrecompiledHeaders">
      <UniqueIdentifier>{D5315246-C115-139C-2A76-0DEF1679FD1D}</UniqueIdentifier>
    </Filter>
  </ItemGroup>
  <ItemGroup>
    <ClInclude Include="src\Engine\Definitions\KeyCodes\GLFW\GLFW.h">
      <Filter>Engine\Definitions\KeyCodes\GLFW</Filter>
    </ClInclude>
    <ClInclude Include="src\Engine\Definitions\KeyCodes\KeyCodes.h">
      <Filter>Engine\Definitions\KeyCodes</Filter>
    </ClInclude>
    <ClInclude Include="src\Engine\Definitions\VertexBufferLayout\ElementType\ElementType.h">
      <Filter>Engine\Definitions\VertexBufferLayout\ElementType</Filter>
    </ClInclude>
    <ClInclude Include="src\Engine\Definitions\VertexBufferLayout\ElementType\OpenGL\OpenGL.h">
      <Filter>Engine\Definitions\VertexBufferLayout\ElementType\OpenGL</Filter>
    </ClInclude>
    <ClInclude Include="src\Engine\Engine.h">
      <Filter>Engine</Filter>
    </ClInclude>
    <ClInclude Include="src\Engine\Events\App.h">
      <Filter>Engine\Events</Filter>
    </ClInclude>
    <ClInclude Include="src\Engine\Events\Events.h">
      <Filter>Engine\Events</Filter>
    </ClInclude>
    <ClInclude Include="src\Engine\Events\Keyboard.h">
      <Filter>Engine\Events</Filter>
    </ClInclude>
    <ClInclude Include="src\Engine\Events\Mouse.h">
      <Filter>Engine\Events</Filter>
    </ClInclude>
    <ClInclude Include="src\Engine\Events\Window.h">
      <Filter>Engine\Events</Filter>
    </ClInclude>
    <ClInclude Include="src\Engine\Renderer\IndexBuffer.h">
      <Filter>Engine\Renderer</Filter>
    </ClInclude>
    <ClInclude Include="src\Engine\Renderer\OpenGL\OpenGLRenderer2D.h">
      <Filter>Engine\Renderer\OpenGL</Filter>
    </ClInclude>
    <ClInclude Include="src\Engine\Renderer\OpenGL\VertexBufferLayout\OpenGLLayout.h">
      <Filter>Engine\Renderer\OpenGL\VertexBufferLayout</Filter>
    </ClInclude>
    <ClInclude Include="src\Engine\Renderer\Renderer2D.h">
      <Filter>Engine\Renderer</Filter>
    </ClInclude>
    <ClInclude Include="src\Engine\Renderer\VertexArray.h">
      <Filter>Engine\Renderer</Filter>
    </ClInclude>
    <ClInclude Include="src\Engine\Renderer\VertexBuffer.h">
      <Filter>Engine\Renderer</Filter>
    </ClInclude>
    <ClInclude Include="src\Engine\Renderer\VertexBufferLayout.h">
      <Filter>Engine\Renderer</Filter>
    </ClInclude>
    <ClInclude Include="src\Engine\Window\Window.h">
      <Filter>Engine\Window</Filter>
    </ClInclude>
    <ClInclude Include="src\Engine\Window\Windows\WindowsWindow.h">
      <Filter>Engine\Window\Windows</Filter>
    </ClInclude>
    <ClInclude Include="src\Log\Log.h">
      <Filter>Log</Filter>
    </ClInclude>
    <ClInclude Include="src\PrecompiledHeaders\PrecompiledHeaders.h">
      <Filter>PrecompiledHeaders</Filter>
    </ClInclude>
  </ItemGroup>
  <ItemGroup>
    <ClCompile Include="src\Engine\Definitions\KeyCodes\GLFW\GLFW.cpp">
      <Filter>Engine\Definitions\KeyCodes\GLFW</Filter>
    </ClCompile>
    <ClCompile Include="src\Engine\Definitions\KeyCodes\KeyCodes.cpp">
      <Filter>Engine\Definitions\KeyCodes</Filter>
    </ClCompile>
    <ClCompile Include="src\Engine\Definitions\VertexBufferLayout\ElementType\OpenGL\OpenGL.cpp">
      <Filter>Engine\Definitions\VertexBufferLayout\ElementType\OpenGL</Filter>
    </ClCompile>
    <ClCompile Include="src\Engine\Engine.cpp">
      <Filter>Engine</Filter>
    </ClCompile>
    <ClCompile Include="src\Engine\Renderer\OpenGL\OpenGLRenderer2D.cpp">
      <Filter>Engine\Renderer\OpenGL</Filter>
    </ClCompile>
    <ClCompile Include="src\Engine\Renderer\OpenGL\VertexBufferLayout\OpenGLLayout.cpp">
      <Filter>Engine\Renderer\OpenGL\VertexBufferLayout</Filter>
    </ClCompile>
    <ClCompile Include="src\Engine\Window\Windows\RegisterEvents.cpp">
      <Filter>Engine\Window\Windows</Filter>
    </ClCompile>
    <ClCompile Include="src\Engine\Window\Windows\WindowsWindow.cpp">
      <Filter>Engine\Window\Windows</Filter>
    </ClCompile>
    <ClCompile Include="src\EntryPoint.cpp" />
    <ClCompile Include="src\Log\Log.cpp">
      <Filter>Log</Filter>
    </ClCompile>
    <ClCompile Include="src\PrecompiledHeaders\PrecompiledHeaders.cpp">
      <Filter>PrecompiledHeaders</Filter>
    </ClCompile>
  </ItemGroup>
</Project>